
Microsoft Visual Studio Solution File, Format Version 12.00
# Visual Studio Version 17
VisualStudioVersion = 17.4.32912.340
MinimumVisualStudioVersion = 10.0.40219.1
Project("{9A19103F-16F7-4668-BE54-9A1E7A4F7556}") = "Sample", "Sample\Sample.csproj", "{DD0539AD-0CA6-467C-9955-BA19FFC63CB2}"
EndProject
Global
	GlobalSection(SolutionConfigurationPlatforms) = preSolution
		Debug|Any CPU = Debug|Any CPU
		Release|Any CPU = Release|Any CPU
	EndGlobalSection
	GlobalSection(ProjectConfigurationPlatforms) = postSolution
		{DD0539AD-0CA6-467C-9955-BA19FFC63CB2}.Debug|Any CPU.ActiveCfg = Debug|Any CPU
		{DD0539AD-0CA6-467C-9955-BA19FFC63CB2}.Debug|Any CPU.Build.0 = Debug|Any CPU
		{DD0539AD-0CA6-467C-9955-BA19FFC63CB2}.Release|Any CPU.ActiveCfg = Release|Any CPU
		{DD0539AD-0CA6-467C-9955-BA19FFC63CB2}.Release|Any CPU.Build.0 = Release|Any CPU
	EndGlobalSection
	GlobalSection(SolutionProperties) = preSolution
		HideSolutionNode = FALSE
	EndGlobalSection
	GlobalSection(ExtensibilityGlobals) = postSolution
		SolutionGuid = {30AA8C87-3B33-446B-B943-F277DFCC7B07}
	EndGlobalSection
EndGlobal
